
Microsoft Visual Studio Solution File, Format Version 12.00
# Visual Studio Version 16
VisualStudioVersion = 16.0.31205.134
MinimumVisualStudioVersion = 10.0.40219.1
Project("{FAE04EC0-301F-11D3-BF4B-00C04F79EFBC}") = "ProjetoAula05", "ProjetoAula05\ProjetoAula05.csproj", "{BE565B25-A729-4F0B-9A04-4D56D84135DB}"
EndProject
Global
	GlobalSection(SolutionConfigurationPlatforms) = preSolution
		Debug|Any CPU = Debug|Any CPU
		Release|Any CPU = Release|Any CPU
	EndGlobalSection
	GlobalSection(ProjectConfigurationPlatforms) = postSolution
		{BE565B25-A729-4F0B-9A04-4D56D84135DB}.Debug|Any CPU.ActiveCfg = Debug|Any CPU
		{BE565B25-A729-4F0B-9A04-4D56D84135DB}.Debug|Any CPU.Build.0 = Debug|Any CPU
		{BE565B25-A729-4F0B-9A04-4D56D84135DB}.Release|Any CPU.ActiveCfg = Release|Any CPU
		{BE565B25-A729-4F0B-9A04-4D56D84135DB}.Release|Any CPU.Build.0 = Release|Any CPU
	EndGlobalSection
	GlobalSection(SolutionProperties) = preSolution
		HideSolutionNode = FALSE
	EndGlobalSection
	GlobalSection(ExtensibilityGlobals) = postSolution
		SolutionGuid = {155C16C2-FC67-4349-9EFD-A04D794B4295}
	EndGlobalSection
EndGlobal
